
Microsoft Visual Studio Solution File, Format Version 12.00
# Visual Studio 15
VisualStudioVersion = 15.0.26730.16
MinimumVisualStudioVersion = 10.0.40219.1
Project("{FAE04EC0-301F-11D3-BF4B-00C04F79EFBC}") = "Car", "Car\Car.csproj", "{8B47E8D8-ECFF-4EA0-854A-2DCD2037808F}"
EndProject
Global
	GlobalSection(SolutionConfigurationPlatforms) = preSolution
		Debug|Any CPU = Debug|Any CPU
		Release|Any CPU = Release|Any CPU
	EndGlobalSection
	GlobalSection(ProjectConfigurationPlatforms) = postSolution
		{8B47E8D8-ECFF-4EA0-854A-2DCD2037808F}.Debug|Any CPU.ActiveCfg = Debug|Any CPU
		{8B47E8D8-ECFF-4EA0-854A-2DCD2037808F}.Debug|Any CPU.Build.0 = Debug|Any CPU
		{8B47E8D8-ECFF-4EA0-854A-2DCD2037808F}.Release|Any CPU.ActiveCfg = Release|Any CPU
		{8B47E8D8-ECFF-4EA0-854A-2DCD2037808F}.Release|Any CPU.Build.0 = Release|Any CPU
	EndGlobalSection
	GlobalSection(SolutionProperties) = preSolution
		HideSolutionNode = FALSE
	EndGlobalSection
	GlobalSection(ExtensibilityGlobals) = postSolution
		SolutionGuid = {28A00726-F305-4A92-AC59-74E9DD3D2CF9}
	EndGlobalSection
EndGlobal
