
Microsoft Visual Studio Solution File, Format Version 12.00
# Visual Studio 15
VisualStudioVersion = 15.0.26228.9
MinimumVisualStudioVersion = 10.0.40219.1
Project("{FAE04EC0-301F-11D3-BF4B-00C04F79EFBC}") = "12.05.2017", "12.05.2017\12.05.2017.csproj", "{C4942EB6-1E38-44B2-A339-950205CBE4BA}"
EndProject
Global
	GlobalSection(SolutionConfigurationPlatforms) = preSolution
		Debug|Any CPU = Debug|Any CPU
		Release|Any CPU = Release|Any CPU
	EndGlobalSection
	GlobalSection(ProjectConfigurationPlatforms) = postSolution
		{C4942EB6-1E38-44B2-A339-950205CBE4BA}.Debug|Any CPU.ActiveCfg = Debug|Any CPU
		{C4942EB6-1E38-44B2-A339-950205CBE4BA}.Debug|Any CPU.Build.0 = Debug|Any CPU
		{C4942EB6-1E38-44B2-A339-950205CBE4BA}.Release|Any CPU.ActiveCfg = Release|Any CPU
		{C4942EB6-1E38-44B2-A339-950205CBE4BA}.Release|Any CPU.Build.0 = Release|Any CPU
	EndGlobalSection
	GlobalSection(SolutionProperties) = preSolution
		HideSolutionNode = FALSE
	EndGlobalSection
EndGlobal
